
Microsoft Visual Studio Solution File, Format Version 12.00
# Visual Studio 15
VisualStudioVersion = 15.0.28307.329
MinimumVisualStudioVersion = 10.0.40219.1
Project("{FAE04EC0-301F-11D3-BF4B-00C04F79EFBC}") = "AutoPatcher", "AutoPatcher\AutoPatcher.csproj", "{A3DDAFF2-91E5-43DF-AA05-4E135653085A}"
EndProject
Global
	GlobalSection(SolutionConfigurationPlatforms) = preSolution
		Debug|Any CPU = Debug|Any CPU
		Release|Any CPU = Release|Any CPU
	EndGlobalSection
	GlobalSection(ProjectConfigurationPlatforms) = postSolution
		{A3DDAFF2-91E5-43DF-AA05-4E135653085A}.Debug|Any CPU.ActiveCfg = Debug|Any CPU
		{A3DDAFF2-91E5-43DF-AA05-4E135653085A}.Debug|Any CPU.Build.0 = Debug|Any CPU
		{A3DDAFF2-91E5-43DF-AA05-4E135653085A}.Release|Any CPU.ActiveCfg = Release|Any CPU
		{A3DDAFF2-91E5-43DF-AA05-4E135653085A}.Release|Any CPU.Build.0 = Release|Any CPU
	EndGlobalSection
	GlobalSection(SolutionProperties) = preSolution
		HideSolutionNode = FALSE
	EndGlobalSection
	GlobalSection(ExtensibilityGlobals) = postSolution
		SolutionGuid = {103DDDDF-6183-49FE-BEC4-A16C4066DF87}
	EndGlobalSection
EndGlobal
